VP1Br.fas.nonn.orf.revalign.dedup.trimorf.longseq.iqtree
VP1Br.fas.nonn.orf.revalign.dedup.trimorf.longseq.treefile
VP1Br.fas.nonn.orf.revalign.dedup.trimorf.longseq.mldist
VP1Br.fas.nonn.orf.revalign.dedup.trimorf.longseq.log
VP1Cr.fas.nonn.orf.revalign.dedup.trimorf.longseq.iqtree
VP1Cr.fas.nonn.orf.revalign.dedup.trimorf.longseq.treefile
VP1Cr.fas.nonn.orf.revalign.dedup.trimorf.longseq.mldist
VP1Cr.fas.nonn.orf.revalign.dedup.trimorf.longseq.log
NSP3Cr.fas.nonn.orf.revalign.dedup.trimorf.longseq.iqtree
NSP3Cr.fas.nonn.orf.revalign.dedup.trimorf.longseq.treefile
NSP3Cr.fas.nonn.orf.revalign.dedup.trimorf.longseq.mldist
NSP3Cr.fas.nonn.orf.revalign.dedup.trimorf.longseq.log
VP1Arra.fas.nonn.orf.revalign.dedup.trimorf.longseq.iqtree
VP1Arra.fas.nonn.orf.revalign.dedup.trimorf.longseq.treefile
VP1Arra.fas.nonn.orf.revalign.dedup.trimorf.longseq.mldist
VP1Arra.fas.nonn.orf.revalign.dedup.trimorf.longseq.log
NSP5Cr.fas.nonn.orf.revalign.dedup.trimorf.longseq.iqtree
NSP5Cr.fas.nonn.orf.revalign.dedup.trimorf.longseq.treefile
NSP5Cr.fas.nonn.orf.revalign.dedup.trimorf.longseq.mldist
NSP5Cr.fas.nonn.orf.revalign.dedup.trimorf.longseq.log
NSP1Arra.fas.nonn.orf.revalign.dedup.trimorf.longseq.iqtree
NSP1Arra.fas.nonn.orf.revalign.dedup.trimorf.longseq.treefile
NSP1Arra.fas.nonn.orf.revalign.dedup.trimorf.longseq.mldist
NSP1Arra.fas.nonn.orf.revalign.dedup.trimorf.longseq.log
VP4Br.fas.nonn.orf.revalign.dedup.trimorf.longseq.iqtree
VP4Br.fas.nonn.orf.revalign.dedup.trimorf.longseq.treefile
VP4Br.fas.nonn.orf.revalign.dedup.trimorf.longseq.mldist
VP4Br.fas.nonn.orf.revalign.dedup.trimorf.longseq.log
VP6Brra.fas.nonn.orf.revalign.dedup.trimorf.longseq.iqtree
VP6Brra.fas.nonn.orf.revalign.dedup.trimorf.longseq.treefile
VP6Brra.fas.nonn.orf.revalign.dedup.trimorf.longseq.mldist
VP6Brra.fas.nonn.orf.revalign.dedup.trimorf.longseq.log
VP4Crra.fas.nonn.orf.revalign.dedup.trimorf.longseq.iqtree
VP4Crra.fas.nonn.orf.revalign.dedup.trimorf.longseq.treefile
VP4Crra.fas.nonn.orf.revalign.dedup.trimorf.longseq.mldist
VP4Crra.fas.nonn.orf.revalign.dedup.trimorf.longseq.log
NSP5Arra.fas.nonn.orf.revalign.dedup.trimorf.longseq.iqtree
NSP5Arra.fas.nonn.orf.revalign.dedup.trimorf.longseq.treefile
NSP5Arra.fas.nonn.orf.revalign.dedup.trimorf.longseq.mldist
NSP5Arra.fas.nonn.orf.revalign.dedup.trimorf.longseq.log
NSP4Crra.fas.nonn.orf.revalign.dedup.trimorf.longseq.iqtree
NSP4Crra.fas.nonn.orf.revalign.dedup.trimorf.longseq.treefile
NSP4Crra.fas.nonn.orf.revalign.dedup.trimorf.longseq.mldist
NSP4Crra.fas.nonn.orf.revalign.dedup.trimorf.longseq.log
NSP2Arra.fas.nonn.orf.revalign.dedup.trimorf.longseq.iqtree
NSP2Arra.fas.nonn.orf.revalign.dedup.trimorf.longseq.treefile
NSP2Arra.fas.nonn.orf.revalign.dedup.trimorf.longseq.mldist
NSP2Arra.fas.nonn.orf.revalign.dedup.trimorf.longseq.log
NSP2Br.fas.nonn.orf.revalign.dedup.trimorf.longseq.iqtree
NSP2Br.fas.nonn.orf.revalign.dedup.trimorf.longseq.treefile
NSP2Br.fas.nonn.orf.revalign.dedup.trimorf.longseq.mldist
NSP2Br.fas.nonn.orf.revalign.dedup.trimorf.longseq.log
VP7Br.fas.nonn.orf.revalign.dedup.trimorf.longseq.iqtree
VP7Br.fas.nonn.orf.revalign.dedup.trimorf.longseq.treefile
VP7Br.fas.nonn.orf.revalign.dedup.trimorf.longseq.mldist
VP7Br.fas.nonn.orf.revalign.dedup.trimorf.longseq.log
NSP5Br.fas.nonn.orf.revalign.dedup.trimorf.longseq.iqtree
NSP5Br.fas.nonn.orf.revalign.dedup.trimorf.longseq.treefile
NSP5Br.fas.nonn.orf.revalign.dedup.trimorf.longseq.mldist
NSP5Br.fas.nonn.orf.revalign.dedup.trimorf.longseq.log
NSP1Br.fas.nonn.orf.revalign.dedup.trimorf.longseq.iqtree
NSP1Br.fas.nonn.orf.revalign.dedup.trimorf.longseq.treefile
NSP1Br.fas.nonn.orf.revalign.dedup.trimorf.longseq.mldist
NSP1Br.fas.nonn.orf.revalign.dedup.trimorf.longseq.log
NSP1Cr.fas.nonn.orf.revalign.dedup.trimorf.longseq.iqtree
NSP1Cr.fas.nonn.orf.revalign.dedup.trimorf.longseq.treefile
NSP1Cr.fas.nonn.orf.revalign.dedup.trimorf.longseq.mldist
NSP1Cr.fas.nonn.orf.revalign.dedup.trimorf.longseq.log
NSP4Br.fas.nonn.orf.revalign.dedup.trimorf.longseq.iqtree
NSP4Br.fas.nonn.orf.revalign.dedup.trimorf.longseq.treefile
NSP4Br.fas.nonn.orf.revalign.dedup.trimorf.longseq.mldist
NSP4Br.fas.nonn.orf.revalign.dedup.trimorf.longseq.log
VP6Arra.fas.nonn.orf.revalign.dedup.trimorf.longseq.iqtree
VP6Arra.fas.nonn.orf.revalign.dedup.trimorf.longseq.treefile
VP6Arra.fas.nonn.orf.revalign.dedup.trimorf.longseq.mldist
VP6Arra.fas.nonn.orf.revalign.dedup.trimorf.longseq.log
NSP3Br.fas.nonn.orf.revalign.dedup.trimorf.longseq.iqtree
NSP3Br.fas.nonn.orf.revalign.dedup.trimorf.longseq.treefile
NSP3Br.fas.nonn.orf.revalign.dedup.trimorf.longseq.mldist
NSP3Br.fas.nonn.orf.revalign.dedup.trimorf.longseq.log
NSP2Cr.fas.nonn.orf.revalign.dedup.trimorf.longseq.iqtree
NSP2Cr.fas.nonn.orf.revalign.dedup.trimorf.longseq.treefile
NSP2Cr.fas.nonn.orf.revalign.dedup.trimorf.longseq.mldist
NSP2Cr.fas.nonn.orf.revalign.dedup.trimorf.longseq.log
VP6Cr.fas.nonn.orf.revalign.dedup.trimorf.longseq.iqtree
VP6Cr.fas.nonn.orf.revalign.dedup.trimorf.longseq.treefile
VP6Cr.fas.nonn.orf.revalign.dedup.trimorf.longseq.mldist
VP6Cr.fas.nonn.orf.revalign.dedup.trimorf.longseq.log
