NSP1Br.fas.iqtree
NSP1Br.fas.treefile
NSP1Br.fas.mldist
NSP1Br.fas.log
NSP1Cr.fas.iqtree
NSP1Cr.fas.treefile
NSP1Cr.fas.mldist
NSP1Cr.fas.log
NSP2Br.fas.iqtree
NSP2Br.fas.treefile
NSP2Br.fas.mldist
NSP2Br.fas.log
NSP2Cr.fas.iqtree
NSP2Cr.fas.treefile
NSP2Cr.fas.mldist
NSP2Cr.fas.log
NSP3Cr.fas.iqtree
NSP3Cr.fas.treefile
NSP3Cr.fas.mldist
NSP3Cr.fas.log
NSP4Crra.fas.iqtree
NSP4Crra.fas.treefile
NSP4Crra.fas.mldist
NSP4Crra.fas.log
NSP5Br.fas.iqtree
NSP5Br.fas.treefile
NSP5Br.fas.mldist
NSP5Br.fas.log
VP1Cr.fas.iqtree
VP1Cr.fas.treefile
VP1Cr.fas.mldist
VP1Cr.fas.log
VP4Crra.fas.iqtree
VP4Crra.fas.treefile
VP4Crra.fas.mldist
VP4Crra.fas.log
VP6Brra.fas.iqtree
VP6Brra.fas.treefile
VP6Brra.fas.mldist
VP6Brra.fas.log
VP6Cr.fas.iqtree
VP6Cr.fas.treefile
VP6Cr.fas.mldist
VP6Cr.fas.log
VP7Br.fas.iqtree
VP7Br.fas.treefile
VP7Br.fas.mldist
VP7Br.fas.log
NSP3Cr.fas
NSP2Br.fas
VP6Cr.fas
VP1Cr.fas
NSP4Crra.fas
VP4Crra.fas
NSP5Br.fas
NSP1Cr.fas
NSP1Br.fas
VP6Brra.fas
NSP2Cr.fas
VP7Br.fas
