NSP3Cr.fas.iqtree
NSP3Cr.fas.treefile
NSP3Cr.fas.mldist
NSP3Cr.fas.log
VP6Cr.fas.iqtree
VP6Cr.fas.treefile
VP6Cr.fas.mldist
VP6Cr.fas.log
VP1Cr.fas.iqtree
VP1Cr.fas.treefile
VP1Cr.fas.mldist
VP1Cr.fas.log
NSP4Crra.fas.iqtree
NSP4Crra.fas.treefile
NSP4Crra.fas.mldist
NSP4Crra.fas.log
VP4Crra.fas.iqtree
VP4Crra.fas.treefile
VP4Crra.fas.mldist
VP4Crra.fas.log
NSP5Br.fas.iqtree
NSP5Br.fas.treefile
NSP5Br.fas.mldist
NSP5Br.fas.log
VP6Brra.fas.iqtree
VP6Brra.fas.treefile
VP6Brra.fas.mldist
VP6Brra.fas.log
NSP2Cr.fas.iqtree
NSP2Cr.fas.treefile
NSP2Cr.fas.mldist
NSP2Cr.fas.log
VP7Br.fas.iqtree
VP7Br.fas.treefile
VP7Br.fas.mldist
VP7Br.fas.log
