NSP1Br.fas.hostdnds
VP4Crra.fas.hostdnds
NSP1Cr.fas.hostdnds
NSP2Br.fas.hostdnds
VP6Brra.fas.hostdnds
NSP2Cr.fas.hostdnds
VP7Br.fas.hostdnds
VP1Cr.fas.hostdnds
NSP5Br.fas.hostdnds
VP6Cr.fas.hostdnds
NSP4Crra.fas.hostdnds
VP1Cr.fas
VP1Cr.fas.treefile.sm
VP1Cr.fas.hostdnds_config
VP6Brra.fas
VP6Brra.fas.treefile.sm
VP6Brra.fas.hostdnds_config
VP6Cr.fas
VP6Cr.fas.treefile.sm
VP6Cr.fas.hostdnds_config
VP7Br.fas
VP7Br.fas.treefile.sm
VP7Br.fas.hostdnds_config
NSP5Br.fas
NSP5Br.fas.treefile.sm
NSP5Br.fas.hostdnds_config
NSP1Cr.fas
NSP1Cr.fas.treefile.sm
NSP1Cr.fas.hostdnds_config
NSP2Cr.fas
NSP2Cr.fas.treefile.sm
NSP2Cr.fas.hostdnds_config
NSP1Br.fas
NSP1Br.fas.treefile.sm
NSP1Br.fas.hostdnds_config
NSP4Crra.fas
NSP4Crra.fas.treefile.sm
NSP4Crra.fas.hostdnds_config
NSP2Br.fas
NSP2Br.fas.treefile.sm
NSP2Br.fas.hostdnds_config
VP4Crra.fas
VP4Crra.fas.treefile.sm
VP4Crra.fas.hostdnds_config
VP1Cr.fas.treefile
VP1Cr.fas.treefile.sm_config
VP1Cr.fas
VP1Cr.fas.treefile.sm
VP6Brra.fas.treefile
VP6Brra.fas.treefile.sm_config
VP6Brra.fas
VP6Brra.fas.treefile.sm
VP6Cr.fas.treefile
VP6Cr.fas.treefile.sm_config
VP6Cr.fas
VP6Cr.fas.treefile.sm
VP7Br.fas.treefile
VP7Br.fas.treefile.sm_config
VP7Br.fas
VP7Br.fas.treefile.sm
NSP5Br.fas
NSP5Br.fas.treefile.sm
NSP5Br.fas.treefile
NSP5Br.fas.treefile.sm_config
NSP1Cr.fas
NSP1Cr.fas.treefile.sm
NSP1Cr.fas.treefile
NSP1Cr.fas.treefile.sm_config
NSP2Cr.fas.treefile
NSP2Cr.fas.treefile.sm_config
NSP2Cr.fas
NSP2Cr.fas.treefile.sm
NSP1Br.fas.treefile
NSP1Br.fas.treefile.sm_config
NSP1Br.fas
NSP1Br.fas.treefile.sm
NSP4Crra.fas.treefile
NSP4Crra.fas.treefile.sm_config
NSP4Crra.fas
NSP4Crra.fas.treefile.sm
NSP2Br.fas
NSP2Br.fas.treefile.sm
NSP2Br.fas.treefile
NSP2Br.fas.treefile.sm_config
VP4Crra.fas
VP4Crra.fas.treefile.sm
VP4Crra.fas.treefile
VP4Crra.fas.treefile.sm_config
VP1Cr.fas.treefile
VP6Brra.fas.treefile
VP6Cr.fas.treefile
VP7Br.fas.treefile
NSP5Br.fas.treefile
NSP1Cr.fas.treefile
NSP2Cr.fas.treefile
NSP1Br.fas.treefile
NSP4Crra.fas.treefile
NSP2Br.fas.treefile
VP4Crra.fas.treefile
