VP1Cr.fas.hostdnds
VP6Brra.fas.hostdnds
VP6Cr.fas.hostdnds
VP7Br.fas.hostdnds
NSP5Br.fas.hostdnds
NSP1Cr.fas.hostdnds
NSP2Cr.fas.hostdnds
NSP1Br.fas.hostdnds
NSP4Crra.fas.hostdnds
NSP2Br.fas.hostdnds
VP4Crra.fas.hostdnds
VP1Cr.fas.hostdnds_config
VP6Brra.fas.hostdnds_config
VP6Cr.fas.hostdnds_config
VP7Br.fas.hostdnds_config
NSP5Br.fas.hostdnds_config
NSP1Cr.fas.hostdnds_config
NSP2Cr.fas.hostdnds_config
NSP1Br.fas.hostdnds_config
NSP4Crra.fas.hostdnds_config
NSP2Br.fas.hostdnds_config
VP4Crra.fas.hostdnds_config
